PODS:
  - GestureInstructions (0.0.1)

DEPENDENCIES:
  - GestureInstructions (from `../`)

EXTERNAL SOURCES:
  GestureInstructions:
    :path: "../"

SPEC CHECKSUMS:
  GestureInstructions: cb1824d4906108124222e0b607e02ba5b03985b7

PODFILE CHECKSUM: eff368c17a699969a52c7dd659e4e63a3be89e0b

COCOAPODS: 1.8.4
